
Microsoft Visual Studio Solution File, Format Version 12.00
# Visual Studio Version 17
VisualStudioVersion = 17.9.34728.123
MinimumVisualStudioVersion = 10.0.40219.1
Project("{9A19103F-16F7-4668-BE54-9A1E7A4F7556}") = "LiveTextStreamProcessorWebApp", "LiveTextStreamProcessorWebApp\LiveTextStreamProcessorWebApp.csproj", "{9495382C-E108-4F8B-B121-F111CBCCAC48}"
EndProject
Project("{2150E333-8FDC-42A3-9474-1A3956D46DE8}") = "Test", "Test", "{B2AB7831-C90A-429D-8199-CCD2BDCD0CB6}"
EndProject
Project("{9A19103F-16F7-4668-BE54-9A1E7A4F7556}") = "LiveTextStreamProcessorTest", "Test\LiveTextStreamProcessorWebAppTest\LiveTextStreamProcessorTest.csproj", "{9BB3F2A3-C7A1-46A0-B64E-BE2101431E5F}"
EndProject
Project("{9A19103F-16F7-4668-BE54-9A1E7A4F7556}") = "LiveTextStreamProcessorService", "LiveTextStreamProcessorService\LiveTextStreamProcessorService.csproj", "{9C91AF36-79C9-4361-AC16-619E7ABAAC58}"
EndProject
Global
	GlobalSection(SolutionConfigurationPlatforms) = preSolution
		Debug|Any CPU = Debug|Any CPU
		Release|Any CPU = Release|Any CPU
	EndGlobalSection
	GlobalSection(ProjectConfigurationPlatforms) = postSolution
		{9495382C-E108-4F8B-B121-F111CBCCAC48}.Debug|Any CPU.ActiveCfg = Debug|Any CPU
		{9495382C-E108-4F8B-B121-F111CBCCAC48}.Debug|Any CPU.Build.0 = Debug|Any CPU
		{9495382C-E108-4F8B-B121-F111CBCCAC48}.Release|Any CPU.ActiveCfg = Release|Any CPU
		{9495382C-E108-4F8B-B121-F111CBCCAC48}.Release|Any CPU.Build.0 = Release|Any CPU
		{9BB3F2A3-C7A1-46A0-B64E-BE2101431E5F}.Debug|Any CPU.ActiveCfg = Debug|Any CPU
		{9BB3F2A3-C7A1-46A0-B64E-BE2101431E5F}.Debug|Any CPU.Build.0 = Debug|Any CPU
		{9BB3F2A3-C7A1-46A0-B64E-BE2101431E5F}.Release|Any CPU.ActiveCfg = Release|Any CPU
		{9BB3F2A3-C7A1-46A0-B64E-BE2101431E5F}.Release|Any CPU.Build.0 = Release|Any CPU
		{9C91AF36-79C9-4361-AC16-619E7ABAAC58}.Debug|Any CPU.ActiveCfg = Debug|Any CPU
		{9C91AF36-79C9-4361-AC16-619E7ABAAC58}.Debug|Any CPU.Build.0 = Debug|Any CPU
		{9C91AF36-79C9-4361-AC16-619E7ABAAC58}.Release|Any CPU.ActiveCfg = Release|Any CPU
		{9C91AF36-79C9-4361-AC16-619E7ABAAC58}.Release|Any CPU.Build.0 = Release|Any CPU
	EndGlobalSection
	GlobalSection(SolutionProperties) = preSolution
		HideSolutionNode = FALSE
	EndGlobalSection
	GlobalSection(NestedProjects) = preSolution
		{9BB3F2A3-C7A1-46A0-B64E-BE2101431E5F} = {B2AB7831-C90A-429D-8199-CCD2BDCD0CB6}
	EndGlobalSection
	GlobalSection(ExtensibilityGlobals) = postSolution
		SolutionGuid = {58DDE602-2EA4-4733-B0B8-34DF4E6ABA0B}
	EndGlobalSection
EndGlobal
